
Microsoft Visual Studio Solution File, Format Version 12.00
# Visual Studio Version 17
VisualStudioVersion = 17.5.33530.505
MinimumVisualStudioVersion = 10.0.40219.1
Project("{FAE04EC0-301F-11D3-BF4B-00C04F79EFBC}") = "ProductsShop", "ProductsShop\ProductsShop.csproj", "{7004D586-D343-4E5C-948F-B2E4FC409443}"
EndProject
Project("{FAE04EC0-301F-11D3-BF4B-00C04F79EFBC}") = "ProductsShop.Data", "ProductsShop.Data\ProductsShop.Data.csproj", "{C5DB41F4-055C-45E8-A284-7E8A590D2F9F}"
EndProject
Global
	GlobalSection(SolutionConfigurationPlatforms) = preSolution
		Debug|Any CPU = Debug|Any CPU
		Release|Any CPU = Release|Any CPU
	EndGlobalSection
	GlobalSection(ProjectConfigurationPlatforms) = postSolution
		{7004D586-D343-4E5C-948F-B2E4FC409443}.Debug|Any CPU.ActiveCfg = Debug|Any CPU
		{7004D586-D343-4E5C-948F-B2E4FC409443}.Debug|Any CPU.Build.0 = Debug|Any CPU
		{7004D586-D343-4E5C-948F-B2E4FC409443}.Release|Any CPU.ActiveCfg = Release|Any CPU
		{7004D586-D343-4E5C-948F-B2E4FC409443}.Release|Any CPU.Build.0 = Release|Any CPU
		{C5DB41F4-055C-45E8-A284-7E8A590D2F9F}.Debug|Any CPU.ActiveCfg = Debug|Any CPU
		{C5DB41F4-055C-45E8-A284-7E8A590D2F9F}.Debug|Any CPU.Build.0 = Debug|Any CPU
		{C5DB41F4-055C-45E8-A284-7E8A590D2F9F}.Release|Any CPU.ActiveCfg = Release|Any CPU
		{C5DB41F4-055C-45E8-A284-7E8A590D2F9F}.Release|Any CPU.Build.0 = Release|Any CPU
	EndGlobalSection
	GlobalSection(SolutionProperties) = preSolution
		HideSolutionNode = FALSE
	EndGlobalSection
	GlobalSection(ExtensibilityGlobals) = postSolution
		SolutionGuid = {94AA2C01-4373-481D-A0C2-806251883CB3}
	EndGlobalSection
EndGlobal
